
Microsoft Visual Studio Solution File, Format Version 12.00
# Visual Studio Version 17
VisualStudioVersion = 17.0.31903.59
MinimumVisualStudioVersion = 10.0.40219.1
Project("{2150E333-8FDC-42A3-9474-1A3956D46DE8}") = "src", "src", "{827E0CD3-B72D-47B6-A68D-7590B98EB39B}"
EndProject
Project("{FAE04EC0-301F-11D3-BF4B-00C04F79EFBC}") = "Snapory.Api", "src\Snapory.Api\Snapory.Api.csproj", "{82B0D8EC-F0AC-4BED-9221-D06A984F9A2B}"
EndProject
Project("{FAE04EC0-301F-11D3-BF4B-00C04F79EFBC}") = "Snapory.Application", "src\Snapory.Application\Snapory.Application.csproj", "{C54E261F-A8E7-41EC-9042-6DD0EAAB7072}"
EndProject
Project("{FAE04EC0-301F-11D3-BF4B-00C04F79EFBC}") = "Snapory.Domain", "src\Snapory.Domain\Snapory.Domain.csproj", "{BDE24846-0D1B-4999-B4AB-07FF9DE91C1D}"
EndProject
Project("{FAE04EC0-301F-11D3-BF4B-00C04F79EFBC}") = "Snapory.Infrastructure", "src\Snapory.Infrastructure\Snapory.Infrastructure.csproj", "{BFF92BB3-CC3E-4CCE-B0F8-7C7B43D7F1D0}"
EndProject
Global
	GlobalSection(SolutionConfigurationPlatforms) = preSolution
		Debug|Any CPU = Debug|Any CPU
		Debug|x64 = Debug|x64
		Debug|x86 = Debug|x86
		Release|Any CPU = Release|Any CPU
		Release|x64 = Release|x64
		Release|x86 = Release|x86
	EndGlobalSection
	GlobalSection(ProjectConfigurationPlatforms) = postSolution
		{82B0D8EC-F0AC-4BED-9221-D06A984F9A2B}.Debug|Any CPU.ActiveCfg = Debug|Any CPU
		{82B0D8EC-F0AC-4BED-9221-D06A984F9A2B}.Debug|Any CPU.Build.0 = Debug|Any CPU
		{82B0D8EC-F0AC-4BED-9221-D06A984F9A2B}.Debug|x64.ActiveCfg = Debug|Any CPU
		{82B0D8EC-F0AC-4BED-9221-D06A984F9A2B}.Debug|x64.Build.0 = Debug|Any CPU
		{82B0D8EC-F0AC-4BED-9221-D06A984F9A2B}.Debug|x86.ActiveCfg = Debug|Any CPU
		{82B0D8EC-F0AC-4BED-9221-D06A984F9A2B}.Debug|x86.Build.0 = Debug|Any CPU
		{82B0D8EC-F0AC-4BED-9221-D06A984F9A2B}.Release|Any CPU.ActiveCfg = Release|Any CPU
		{82B0D8EC-F0AC-4BED-9221-D06A984F9A2B}.Release|Any CPU.Build.0 = Release|Any CPU
		{82B0D8EC-F0AC-4BED-9221-D06A984F9A2B}.Release|x64.ActiveCfg = Release|Any CPU
		{82B0D8EC-F0AC-4BED-9221-D06A984F9A2B}.Release|x64.Build.0 = Release|Any CPU
		{82B0D8EC-F0AC-4BED-9221-D06A984F9A2B}.Release|x86.ActiveCfg = Release|Any CPU
		{82B0D8EC-F0AC-4BED-9221-D06A984F9A2B}.Release|x86.Build.0 = Release|Any CPU
		{C54E261F-A8E7-41EC-9042-6DD0EAAB7072}.Debug|Any CPU.ActiveCfg = Debug|Any CPU
		{C54E261F-A8E7-41EC-9042-6DD0EAAB7072}.Debug|Any CPU.Build.0 = Debug|Any CPU
		{C54E261F-A8E7-41EC-9042-6DD0EAAB7072}.Debug|x64.ActiveCfg = Debug|Any CPU
		{C54E261F-A8E7-41EC-9042-6DD0EAAB7072}.Debug|x64.Build.0 = Debug|Any CPU
		{C54E261F-A8E7-41EC-9042-6DD0EAAB7072}.Debug|x86.ActiveCfg = Debug|Any CPU
		{C54E261F-A8E7-41EC-9042-6DD0EAAB7072}.Debug|x86.Build.0 = Debug|Any CPU
		{C54E261F-A8E7-41EC-9042-6DD0EAAB7072}.Release|Any CPU.ActiveCfg = Release|Any CPU
		{C54E261F-A8E7-41EC-9042-6DD0EAAB7072}.Release|Any CPU.Build.0 = Release|Any CPU
		{C54E261F-A8E7-41EC-9042-6DD0EAAB7072}.Release|x64.ActiveCfg = Release|Any CPU
		{C54E261F-A8E7-41EC-9042-6DD0EAAB7072}.Release|x64.Build.0 = Release|Any CPU
		{C54E261F-A8E7-41EC-9042-6DD0EAAB7072}.Release|x86.ActiveCfg = Release|Any CPU
		{C54E261F-A8E7-41EC-9042-6DD0EAAB7072}.Release|x86.Build.0 = Release|Any CPU
		{BDE24846-0D1B-4999-B4AB-07FF9DE91C1D}.Debug|Any CPU.ActiveCfg = Debug|Any CPU
		{BDE24846-0D1B-4999-B4AB-07FF9DE91C1D}.Debug|Any CPU.Build.0 = Debug|Any CPU
		{BDE24846-0D1B-4999-B4AB-07FF9DE91C1D}.Debug|x64.ActiveCfg = Debug|Any CPU
		{BDE24846-0D1B-4999-B4AB-07FF9DE91C1D}.Debug|x64.Build.0 = Debug|Any CPU
		{BDE24846-0D1B-4999-B4AB-07FF9DE91C1D}.Debug|x86.ActiveCfg = Debug|Any CPU
		{BDE24846-0D1B-4999-B4AB-07FF9DE91C1D}.Debug|x86.Build.0 = Debug|Any CPU
		{BDE24846-0D1B-4999-B4AB-07FF9DE91C1D}.Release|Any CPU.ActiveCfg = Release|Any CPU
		{BDE24846-0D1B-4999-B4AB-07FF9DE91C1D}.Release|Any CPU.Build.0 = Release|Any CPU
		{BDE24846-0D1B-4999-B4AB-07FF9DE91C1D}.Release|x64.ActiveCfg = Release|Any CPU
		{BDE24846-0D1B-4999-B4AB-07FF9DE91C1D}.Release|x64.Build.0 = Release|Any CPU
		{BDE24846-0D1B-4999-B4AB-07FF9DE91C1D}.Release|x86.ActiveCfg = Release|Any CPU
		{BDE24846-0D1B-4999-B4AB-07FF9DE91C1D}.Release|x86.Build.0 = Release|Any CPU
		{BFF92BB3-CC3E-4CCE-B0F8-7C7B43D7F1D0}.Debug|Any CPU.ActiveCfg = Debug|Any CPU
		{BFF92BB3-CC3E-4CCE-B0F8-7C7B43D7F1D0}.Debug|Any CPU.Build.0 = Debug|Any CPU
		{BFF92BB3-CC3E-4CCE-B0F8-7C7B43D7F1D0}.Debug|x64.ActiveCfg = Debug|Any CPU
		{BFF92BB3-CC3E-4CCE-B0F8-7C7B43D7F1D0}.Debug|x64.Build.0 = Debug|Any CPU
		{BFF92BB3-CC3E-4CCE-B0F8-7C7B43D7F1D0}.Debug|x86.ActiveCfg = Debug|Any CPU
		{BFF92BB3-CC3E-4CCE-B0F8-7C7B43D7F1D0}.Debug|x86.Build.0 = Debug|Any CPU
		{BFF92BB3-CC3E-4CCE-B0F8-7C7B43D7F1D0}.Release|Any CPU.ActiveCfg = Release|Any CPU
		{BFF92BB3-CC3E-4CCE-B0F8-7C7B43D7F1D0}.Release|Any CPU.Build.0 = Release|Any CPU
		{BFF92BB3-CC3E-4CCE-B0F8-7C7B43D7F1D0}.Release|x64.ActiveCfg = Release|Any CPU
		{BFF92BB3-CC3E-4CCE-B0F8-7C7B43D7F1D0}.Release|x64.Build.0 = Release|Any CPU
		{BFF92BB3-CC3E-4CCE-B0F8-7C7B43D7F1D0}.Release|x86.ActiveCfg = Release|Any CPU
		{BFF92BB3-CC3E-4CCE-B0F8-7C7B43D7F1D0}.Release|x86.Build.0 = Release|Any CPU
	EndGlobalSection
	GlobalSection(SolutionProperties) = preSolution
		HideSolutionNode = FALSE
	EndGlobalSection
	GlobalSection(NestedProjects) = preSolution
		{82B0D8EC-F0AC-4BED-9221-D06A984F9A2B} = {827E0CD3-B72D-47B6-A68D-7590B98EB39B}
		{C54E261F-A8E7-41EC-9042-6DD0EAAB7072} = {827E0CD3-B72D-47B6-A68D-7590B98EB39B}
		{BDE24846-0D1B-4999-B4AB-07FF9DE91C1D} = {827E0CD3-B72D-47B6-A68D-7590B98EB39B}
		{BFF92BB3-CC3E-4CCE-B0F8-7C7B43D7F1D0} = {827E0CD3-B72D-47B6-A68D-7590B98EB39B}
	EndGlobalSection
EndGlobal
